// !$*UTF8*$!
{
	archiveVersion = 1;
	classes = {
	};
	objectVersion = 55;
	objects = {

/* Begin PBXBuildFile section */
		AF1E0723288935E2004624EA /* AppDelegate.swift in Sources */ = {isa = PBXBuildFile; fileRef = AF1E0722288935E2004624EA /* AppDelegate.swift */; };
		AF1E0725288935E2004624EA /* SceneDelegate.swift in Sources */ = {isa = PBXBuildFile; fileRef = AF1E0724288935E2004624EA /* SceneDelegate.swift */; };
		AF1E0727288935E2004624EA /* ViewController.swift in Sources */ = {isa = PBXBuildFile; fileRef = AF1E0726288935E2004624EA /* ViewController.swift */; };
		AF1E072A288935E2004624EA /* Main.storyboard in Resources */ = {isa = PBXBuildFile; fileRef = AF1E0728288935E2004624EA /* Main.storyboard */; };
		AF1E072C288935E4004624EA /* Assets.xcassets in Resources */ = {isa = PBXBuildFile; fileRef = AF1E072B288935E4004624EA /* Assets.xcassets */; };
		AF1E072F288935E4004624EA /* LaunchScreen.storyboard in Resources */ = {isa = PBXBuildFile; fileRef = AF1E072D288935E4004624EA /* LaunchScreen.storyboard */; };
		AF1E07392889384C004624EA /* PostCell.xib in Resources */ = {isa = PBXBuildFile; fileRef = AF1E07382889384C004624EA /* PostCell.xib */; };
		AF1E073B28893852004624EA /* MediaCell.xib in Resources */ = {isa = PBXBuildFile; fileRef = AF1E073A28893852004624EA /* MediaCell.xib */; };
		AF1E073D28893862004624EA /* PostCell.swift in Sources */ = {isa = PBXBuildFile; fileRef = AF1E073C28893862004624EA /* PostCell.swift */; };
		AF1E073F28893886004624EA /* MediaCell.swift in Sources */ = {isa = PBXBuildFile; fileRef = AF1E073E28893886004624EA /* MediaCell.swift */; };
		AFA791FE288E533700BA7CBF /* MediaModel.swift in Sources */ = {isa = PBXBuildFile; fileRef = AFA791FD288E533700BA7CBF /* MediaModel.swift */; };
		AFA79200288E53AC00BA7CBF /* PostModel.swift in Sources */ = {isa = PBXBuildFile; fileRef = AFA791FF288E53AC00BA7CBF /* PostModel.swift */; };
		AFA79208288E7BBD00BA7CBF /* FeedbarController.swift in Sources */ = {isa = PBXBuildFile; fileRef = AFA79207288E7BBD00BA7CBF /* FeedbarController.swift */; };
		AFA79214288F8BE800BA7CBF /* FeedbarView.swift in Sources */ = {isa = PBXBuildFile; fileRef = AFA79213288F8BE800BA7CBF /* FeedbarView.swift */; };
		AFA79216288F8C8300BA7CBF /* FeedbarModel.swift in Sources */ = {isa = PBXBuildFile; fileRef = AFA79215288F8C8300BA7CBF /* FeedbarModel.swift */; };
/* End PBXBuildFile section */

/* Begin PBXFileReference section */
		AF1E071F288935E2004624EA /* feedbar.app */ = {isa = PBXFileReference; explicitFileType = wrapper.application; includeInIndex = 0; path = feedbar.app; sourceTree = BUILT_PRODUCTS_DIR; };
		AF1E0722288935E2004624EA /* AppDelegate.swift */ = {isa = PBXFileReference; lastKnownFileType = sourcecode.swift; path = AppDelegate.swift; sourceTree = "<group>"; };
		AF1E0724288935E2004624EA /* SceneDelegate.swift */ = {isa = PBXFileReference; lastKnownFileType = sourcecode.swift; path = SceneDelegate.swift; sourceTree = "<group>"; };
		AF1E0726288935E2004624EA /* ViewController.swift */ = {isa = PBXFileReference; lastKnownFileType = sourcecode.swift; path = ViewController.swift; sourceTree = "<group>"; };
		AF1E0729288935E2004624EA /* Base */ = {isa = PBXFileReference; lastKnownFileType = file.storyboard; name = Base; path = Base.lproj/Main.storyboard; sourceTree = "<group>"; };
		AF1E072B288935E4004624EA /* Assets.xcassets */ = {isa = PBXFileReference; lastKnownFileType = folder.assetcatalog; path = Assets.xcassets; sourceTree = "<group>"; };
		AF1E072E288935E4004624EA /* Base */ = {isa = PBXFileReference; lastKnownFileType = file.storyboard; name = Base; path = Base.lproj/LaunchScreen.storyboard; sourceTree = "<group>"; };
		AF1E0730288935E4004624EA /* Info.plist */ = {isa = PBXFileReference; lastKnownFileType = text.plist.xml; path = Info.plist; sourceTree = "<group>"; };
		AF1E07382889384C004624EA /* PostCell.xib */ = {isa = PBXFileReference; lastKnownFileType = file.xib; path = PostCell.xib; sourceTree = "<group>"; };
		AF1E073A28893852004624EA /* MediaCell.xib */ = {isa = PBXFileReference; lastKnownFileType = file.xib; path = MediaCell.xib; sourceTree = "<group>"; };
		AF1E073C28893862004624EA /* PostCell.swift */ = {isa = PBXFileReference; lastKnownFileType = sourcecode.swift; path = PostCell.swift; sourceTree = "<group>"; };
		AF1E073E28893886004624EA /* MediaCell.swift */ = {isa = PBXFileReference; lastKnownFileType = sourcecode.swift; path = MediaCell.swift; sourceTree = "<group>"; };
		AFA791FD288E533700BA7CBF /* MediaModel.swift */ = {isa = PBXFileReference; lastKnownFileType = sourcecode.swift; path = MediaModel.swift; sourceTree = "<group>"; };
		AFA791FF288E53AC00BA7CBF /* PostModel.swift */ = {isa = PBXFileReference; lastKnownFileType = sourcecode.swift; path = PostModel.swift; sourceTree = "<group>"; };
		AFA79207288E7BBD00BA7CBF /* FeedbarController.swift */ = {isa = PBXFileReference; lastKnownFileType = sourcecode.swift; path = FeedbarController.swift; sourceTree = "<group>"; };
		AFA79213288F8BE800BA7CBF /* FeedbarView.swift */ = {isa = PBXFileReference; lastKnownFileType = sourcecode.swift; path = FeedbarView.swift; sourceTree = "<group>"; };
		AFA79215288F8C8300BA7CBF /* FeedbarModel.swift */ = {isa = PBXFileReference; lastKnownFileType = sourcecode.swift; path = FeedbarModel.swift; sourceTree = "<group>"; };
/* End PBXFileReference section */

/* Begin PBXFrameworksBuildPhase section */
		AF1E071C288935E2004624EA /* Frameworks */ = {
			isa = PBXFrameworksBuildPhase;
			buildActionMask = 2147483647;
			files = (
			);
			runOnlyForDeploymentPostprocessing = 0;
		};
/* End PBXFrameworksBuildPhase section */

/* Begin PBXGroup section */
		AF1E0716288935E2004624EA = {
			isa = PBXGroup;
			children = (
				AF1E0721288935E2004624EA /* feedbar */,
				AF1E0720288935E2004624EA /* Products */,
			);
			sourceTree = "<group>";
		};
		AF1E0720288935E2004624EA /* Products */ = {
			isa = PBXGroup;
			children = (
				AF1E071F288935E2004624EA /* feedbar.app */,
			);
			name = Products;
			sourceTree = "<group>";
		};
		AF1E0721288935E2004624EA /* feedbar */ = {
			isa = PBXGroup;
			children = (
				AF1E0722288935E2004624EA /* AppDelegate.swift */,
				AF1E0724288935E2004624EA /* SceneDelegate.swift */,
				AF1E0726288935E2004624EA /* ViewController.swift */,
				AF1E0728288935E2004624EA /* Main.storyboard */,
				AF1E073C28893862004624EA /* PostCell.swift */,
				AF1E07382889384C004624EA /* PostCell.xib */,
				AF1E073E28893886004624EA /* MediaCell.swift */,
				AF1E073A28893852004624EA /* MediaCell.xib */,
				AF1E072B288935E4004624EA /* Assets.xcassets */,
				AF1E072D288935E4004624EA /* LaunchScreen.storyboard */,
				AF1E0730288935E4004624EA /* Info.plist */,
				AFA791FF288E53AC00BA7CBF /* PostModel.swift */,
				AFA791FD288E533700BA7CBF /* MediaModel.swift */,
				AFA79207288E7BBD00BA7CBF /* FeedbarController.swift */,
				AFA79213288F8BE800BA7CBF /* FeedbarView.swift */,
				AFA79215288F8C8300BA7CBF /* FeedbarModel.swift */,
			);
			path = feedbar;
			sourceTree = "<group>";
		};
/* End PBXGroup section */

/* Begin PBXNativeTarget section */
		AF1E071E288935E2004624EA /* feedbar */ = {
			isa = PBXNativeTarget;
			buildConfigurationList = AF1E0733288935E4004624EA /* Build configuration list for PBXNativeTarget "feedbar" */;
			buildPhases = (
				AF1E071B288935E2004624EA /* Sources */,
				AF1E071C288935E2004624EA /* Frameworks */,
				AF1E071D288935E2004624EA /* Resources */,
			);
			buildRules = (
			);
			dependencies = (
			);
			name = feedbar;
			productName = feedbar;
			productReference = AF1E071F288935E2004624EA /* feedbar.app */;
			productType = "com.apple.product-type.application";
		};
/* End PBXNativeTarget section */

/* Begin PBXProject section */
		AF1E0717288935E2004624EA /* Project object */ = {
			isa = PBXProject;
			attributes = {
				BuildIndependentTargetsInParallel = 1;
				LastSwiftUpdateCheck = 1340;
				LastUpgradeCheck = 1340;
				TargetAttributes = {
					AF1E071E288935E2004624EA = {
						CreatedOnToolsVersion = 13.4.1;
					};
				};
			};
			buildConfigurationList = AF1E071A288935E2004624EA /* Build configuration list for PBXProject "feedbar" */;
			compatibilityVersion = "Xcode 13.0";
			developmentRegion = en;
			hasScannedForEncodings = 0;
			knownRegions = (
				en,
				Base,
			);
			mainGroup = AF1E0716288935E2004624EA;
			productRefGroup = AF1E0720288935E2004624EA /* Products */;
			projectDirPath = "";
			projectRoot = "";
			targets = (
				AF1E071E288935E2004624EA /* feedbar */,
			);
		};
/* End PBXProject section */

/* Begin PBXResourcesBuildPhase section */
		AF1E071D288935E2004624EA /* Resources */ = {
			isa = PBXResourcesBuildPhase;
			buildActionMask = 2147483647;
			files = (
				AF1E072F288935E4004624EA /* LaunchScreen.storyboard in Resources */,
				AF1E072C288935E4004624EA /* Assets.xcassets in Resources */,
				AF1E073B28893852004624EA /* MediaCell.xib in Resources */,
				AF1E072A288935E2004624EA /* Main.storyboard in Resources */,
				AF1E07392889384C004624EA /* PostCell.xib in Resources */,
			);
			runOnlyForDeploymentPostprocessing = 0;
		};
/* End PBXResourcesBuildPhase section */

/* Begin PBXSourcesBuildPhase section */
		AF1E071B288935E2004624EA /* Sources */ = {
			isa = PBXSourcesBuildPhase;
			buildActionMask = 2147483647;
			files = (
				AF1E0727288935E2004624EA /* ViewController.swift in Sources */,
				AFA79200288E53AC00BA7CBF /* PostModel.swift in Sources */,
				AF1E0723288935E2004624EA /* AppDelegate.swift in Sources */,
				AFA791FE288E533700BA7CBF /* MediaModel.swift in Sources */,
				AF1E073F28893886004624EA /* MediaCell.swift in Sources */,
				AFA79214288F8BE800BA7CBF /* FeedbarView.swift in Sources */,
				AF1E0725288935E2004624EA /* SceneDelegate.swift in Sources */,
				AFA79216288F8C8300BA7CBF /* FeedbarModel.swift in Sources */,
				AF1E073D28893862004624EA /* PostCell.swift in Sources */,
				AFA79208288E7BBD00BA7CBF /* FeedbarController.swift in Sources */,
			);
			runOnlyForDeploymentPostprocessing = 0;
		};
/* End PBXSourcesBuildPhase section */

/* Begin PBXVariantGroup section */
		AF1E0728288935E2004624EA /* Main.storyboard */ = {
			isa = PBXVariantGroup;
			children = (
				AF1E0729288935E2004624EA /* Base */,
			);
			name = Main.storyboard;
			sourceTree = "<group>";
		};
		AF1E072D288935E4004624EA /* LaunchScreen.storyboard */ = {
			isa = PBXVariantGroup;
			children = (
				AF1E072E288935E4004624EA /* Base */,
			);
			name = LaunchScreen.storyboard;
			sourceTree = "<group>";
		};
/* End PBXVariantGroup section */

/* Begin XCBuildConfiguration section */
		AF1E0731288935E4004624EA /* Debug */ = {
			isa = XCBuildConfiguration;
			buildSettings = {
				ALWAYS_SEARCH_USER_PATHS = NO;
				CLANG_ANALYZER_NONNULL = YES;
				CLANG_ANALYZER_NUMBER_OBJECT_CONVERSION = YES_AGGRESSIVE;
				CLANG_CXX_LANGUAGE_STANDARD = "gnu++17";
				CLANG_ENABLE_MODULES = YES;
				CLANG_ENABLE_OBJC_ARC = YES;
				CLANG_ENABLE_OBJC_WEAK = YES;
				CLANG_WARN_BLOCK_CAPTURE_AUTORELEASING = YES;
				CLANG_WARN_BOOL_CONVERSION = YES;
				CLANG_WARN_COMMA = YES;
				CLANG_WARN_CONSTANT_CONVERSION = YES;
				CLANG_WARN_DEPRECATED_OBJC_IMPLEMENTATIONS = YES;
				CLANG_WARN_DIRECT_OBJC_ISA_USAGE = YES_ERROR;
				CLANG_WARN_DOCUMENTATION_COMMENTS = YES;
				CLANG_WARN_EMPTY_BODY = YES;
				CLANG_WARN_ENUM_CONVERSION = YES;
				CLANG_WARN_INFINITE_RECURSION = YES;
				CLANG_WARN_INT_CONVERSION = YES;
				CLANG_WARN_NON_LITERAL_NULL_CONVERSION = YES;
				CLANG_WARN_OBJC_IMPLICIT_RETAIN_SELF = YES;
				CLANG_WARN_OBJC_LITERAL_CONVERSION = YES;
				CLANG_WARN_OBJC_ROOT_CLASS = YES_ERROR;
				CLANG_WARN_QUOTED_INCLUDE_IN_FRAMEWORK_HEADER = YES;
				CLANG_WARN_RANGE_LOOP_ANALYSIS = YES;
				CLANG_WARN_STRICT_PROTOTYPES = YES;
				CLANG_WARN_SUSPICIOUS_MOVE = YES;
				CLANG_WARN_UNGUARDED_AVAILABILITY = YES_AGGRESSIVE;
				CLANG_WARN_UNREACHABLE_CODE = YES;
				CLANG_WARN__DUPLICATE_METHOD_MATCH = YES;
				COPY_PHASE_STRIP = NO;
				DEBUG_INFORMATION_FORMAT = dwarf;
				ENABLE_STRICT_OBJC_MSGSEND = YES;
				ENABLE_TESTABILITY = YES;
				GCC_C_LANGUAGE_STANDARD = gnu11;
				GCC_DYNAMIC_NO_PIC = NO;
				GCC_NO_COMMON_BLOCKS = YES;
				GCC_OPTIMIZATION_LEVEL = 0;
				GCC_PREPROCESSOR_DEFINITIONS = (
					"DEBUG=1",
					"$(inherited)",
				);
				GCC_WARN_64_TO_32_BIT_CONVERSION = YES;
				GCC_WARN_ABOUT_RETURN_TYPE = YES_ERROR;
				GCC_WARN_UNDECLARED_SELECTOR = YES;
				GCC_WARN_UNINITIALIZED_AUTOS = YES_AGGRESSIVE;
				GCC_WARN_UNUSED_FUNCTION = YES;
				GCC_WARN_UNUSED_VARIABLE = YES;
				IPHONEOS_DEPLOYMENT_TARGET = 15.5;
				MTL_ENABLE_DEBUG_INFO = INCLUDE_SOURCE;
				MTL_FAST_MATH = YES;
				ONLY_ACTIVE_ARCH = YES;
				SDKROOT = iphoneos;
				SWIFT_ACTIVE_COMPILATION_CONDITIONS = DEBUG;
				SWIFT_OPTIMIZATION_LEVEL = "-Onone";
			};
			name = Debug;
		};
		AF1E0732288935E4004624EA /* Release */ = {
			isa = XCBuildConfiguration;
			buildSettings = {
				ALWAYS_SEARCH_USER_PATHS = NO;
				CLANG_ANALYZER_NONNULL = YES;
				CLANG_ANALYZER_NUMBER_OBJECT_CONVERSION = YES_AGGRESSIVE;
				CLANG_CXX_LANGUAGE_STANDARD = "gnu++17";
				CLANG_ENABLE_MODULES = YES;
				CLANG_ENABLE_OBJC_ARC = YES;
				CLANG_ENABLE_OBJC_WEAK = YES;
				CLANG_WARN_BLOCK_CAPTURE_AUTORELEASING = YES;
				CLANG_WARN_BOOL_CONVERSION = YES;
				CLANG_WARN_COMMA = YES;
				CLANG_WARN_CONSTANT_CONVERSION = YES;
				CLANG_WARN_DEPRECATED_OBJC_IMPLEMENTATIONS = YES;
				CLANG_WARN_DIRECT_OBJC_ISA_USAGE = YES_ERROR;
				CLANG_WARN_DOCUMENTATION_COMMENTS = YES;
				CLANG_WARN_EMPTY_BODY = YES;
				CLANG_WARN_ENUM_CONVERSION = YES;
				CLANG_WARN_INFINITE_RECURSION = YES;
				CLANG_WARN_INT_CONVERSION = YES;
				CLANG_WARN_NON_LITERAL_NULL_CONVERSION = YES;
				CLANG_WARN_OBJC_IMPLICIT_RETAIN_SELF = YES;
				CLANG_WARN_OBJC_LITERAL_CONVERSION = YES;
				CLANG_WARN_OBJC_ROOT_CLASS = YES_ERROR;
				CLANG_WARN_QUOTED_INCLUDE_IN_FRAMEWORK_HEADER = YES;
				CLANG_WARN_RANGE_LOOP_ANALYSIS = YES;
				CLANG_WARN_STRICT_PROTOTYPES = YES;
				CLANG_WARN_SUSPICIOUS_MOVE = YES;
				CLANG_WARN_UNGUARDED_AVAILABILITY = YES_AGGRESSIVE;
				CLANG_WARN_UNREACHABLE_CODE = YES;
				CLANG_WARN__DUPLICATE_METHOD_MATCH = YES;
				COPY_PHASE_STRIP = NO;
				DEBUG_INFORMATION_FORMAT = "dwarf-with-dsym";
				ENABLE_NS_ASSERTIONS = NO;
				ENABLE_STRICT_OBJC_MSGSEND = YES;
				GCC_C_LANGUAGE_STANDARD = gnu11;
				GCC_NO_COMMON_BLOCKS = YES;
				GCC_WARN_64_TO_32_BIT_CONVERSION = YES;
				GCC_WARN_ABOUT_RETURN_TYPE = YES_ERROR;
				GCC_WARN_UNDECLARED_SELECTOR = YES;
				GCC_WARN_UNINITIALIZED_AUTOS = YES_AGGRESSIVE;
				GCC_WARN_UNUSED_FUNCTION = YES;
				GCC_WARN_UNUSED_VARIABLE = YES;
				IPHONEOS_DEPLOYMENT_TARGET = 15.5;
				MTL_ENABLE_DEBUG_INFO = NO;
				MTL_FAST_MATH = YES;
				SDKROOT = iphoneos;
				SWIFT_COMPILATION_MODE = wholemodule;
				SWIFT_OPTIMIZATION_LEVEL = "-O";
				VALIDATE_PRODUCT = YES;
			};
			name = Release;
		};
		AF1E0734288935E4004624EA /* Debug */ = {
			isa = XCBuildConfiguration;
			buildSettings = {
				ASSETCATALOG_COMPILER_APPICON_NAME = AppIcon;
				ASSETCATALOG_COMPILER_GLOBAL_ACCENT_COLOR_NAME = AccentColor;
				CODE_SIGN_STYLE = Automatic;
				CURRENT_PROJECT_VERSION = 1;
				DEVELOPMENT_TEAM = AM6A64NDM6;
				GENERATE_INFOPLIST_FILE = YES;
				INFOPLIST_FILE = feedbar/Info.plist;
				INFOPLIST_KEY_UIApplicationSupportsIndirectInputEvents = YES;
				INFOPLIST_KEY_UILaunchStoryboardName = LaunchScreen;
				INFOPLIST_KEY_UIMainStoryboardFile = Main;
				INFOPLIST_KEY_UISupportedInterfaceOrientations_iPad = "UIInterfaceOrientationPortrait UIInterfaceOrientationPortraitUpsideDown UIInterfaceOrientationLandscapeLeft UIInterfaceOrientationLandscapeRight";
				INFOPLIST_KEY_UISupportedInterfaceOrientations_iPhone = "UIInterfaceOrientationPortrait UIInterfaceOrientationLandscapeLeft UIInterfaceOrientationLandscapeRight";
				LD_RUNPATH_SEARCH_PATHS = (
					"$(inherited)",
					"@executable_path/Frameworks",
				);
				MARKETING_VERSION = 1.0;
				PRODUCT_BUNDLE_IDENTIFIER = com.koanba.feedbar;
				PRODUCT_NAME = "$(TARGET_NAME)";
				SWIFT_EMIT_LOC_STRINGS = YES;
				SWIFT_VERSION = 5.0;
				TARGETED_DEVICE_FAMILY = "1,2";
			};
			name = Debug;
		};
		AF1E0735288935E4004624EA /* Release */ = {
			isa = XCBuildConfiguration;
			buildSettings = {
				ASSETCATALOG_COMPILER_APPICON_NAME = AppIcon;
				ASSETCATALOG_COMPILER_GLOBAL_ACCENT_COLOR_NAME = AccentColor;
				CODE_SIGN_STYLE = Automatic;
				CURRENT_PROJECT_VERSION = 1;
				DEVELOPMENT_TEAM = AM6A64NDM6;
				GENERATE_INFOPLIST_FILE = YES;
				INFOPLIST_FILE = feedbar/Info.plist;
				INFOPLIST_KEY_UIApplicationSupportsIndirectInputEvents = YES;
				INFOPLIST_KEY_UILaunchStoryboardName = LaunchScreen;
				INFOPLIST_KEY_UIMainStoryboardFile = Main;
				INFOPLIST_KEY_UISupportedInterfaceOrientations_iPad = "UIInterfaceOrientationPortrait UIInterfaceOrientationPortraitUpsideDown UIInterfaceOrientationLandscapeLeft UIInterfaceOrientationLandscapeRight";
				INFOPLIST_KEY_UISupportedInterfaceOrientations_iPhone = "UIInterfaceOrientationPortrait UIInterfaceOrientationLandscapeLeft UIInterfaceOrientationLandscapeRight";
				LD_RUNPATH_SEARCH_PATHS = (
					"$(inherited)",
					"@executable_path/Frameworks",
				);
				MARKETING_VERSION = 1.0;
				PRODUCT_BUNDLE_IDENTIFIER = com.koanba.feedbar;
				PRODUCT_NAME = "$(TARGET_NAME)";
				SWIFT_EMIT_LOC_STRINGS = YES;
				SWIFT_VERSION = 5.0;
				TARGETED_DEVICE_FAMILY = "1,2";
			};
			name = Release;
		};
/* End XCBuildConfiguration section */

/* Begin XCConfigurationList section */
		AF1E071A288935E2004624EA /* Build configuration list for PBXProject "feedbar" */ = {
			isa = XCConfigurationList;
			buildConfigurations = (
				AF1E0731288935E4004624EA /* Debug */,
				AF1E0732288935E4004624EA /* Release */,
			);
			defaultConfigurationIsVisible = 0;
			defaultConfigurationName = Release;
		};
		AF1E0733288935E4004624EA /* Build configuration list for PBXNativeTarget "feedbar" */ = {
			isa = XCConfigurationList;
			buildConfigurations = (
				AF1E0734288935E4004624EA /* Debug */,
				AF1E0735288935E4004624EA /* Release */,
			);
			defaultConfigurationIsVisible = 0;
			defaultConfigurationName = Release;
		};
/* End XCConfigurationList section */
	};
	rootObject = AF1E0717288935E2004624EA /* Project object */;
}
